// !$*UTF8*$!
{
	archiveVersion = 1;
	classes = {
	};
	objectVersion = 46;
	objects = {

/* Begin PBXBuildFile section */
		843A08C01DC0A6B6000DE2B7 /* Main.storyboard in Resources */ = {isa = PBXBuildFile; fileRef = 843A08BE1DC0A6B6000DE2B7 /* Main.storyboard */; };
		843A08C21DC0A6B6000DE2B7 /* Assets.xcassets in Resources */ = {isa = PBXBuildFile; fileRef = 843A08C11DC0A6B6000DE2B7 /* Assets.xcassets */; };
		843A08D01DC0A6B6000DE2B7 /* BuDeJie_1UITests.m in Sources */ = {isa = PBXBuildFile; fileRef = 843A08CF1DC0A6B6000DE2B7 /* BuDeJie_1UITests.m */; };
		84442FF51DC0E79A0037EFBA /* AppDelegate.m in Sources */ = {isa = PBXBuildFile; fileRef = 84442FEF1DC0E79A0037EFBA /* AppDelegate.m */; };
		84442FF61DC0E79A0037EFBA /* main.m in Sources */ = {isa = PBXBuildFile; fileRef = 84442FF01DC0E79A0037EFBA /* main.m */; };
		84442FF91DC0E8030037EFBA /* LHLEssenceViewController.m in Sources */ = {isa = PBXBuildFile; fileRef = 84442FF81DC0E8030037EFBA /* LHLEssenceViewController.m */; };
		84442FFC1DC0E81C0037EFBA /* LHLFriendTrendViewController.m in Sources */ = {isa = PBXBuildFile; fileRef = 84442FFB1DC0E81C0037EFBA /* LHLFriendTrendViewController.m */; };
		84442FFF1DC0E8470037EFBA /* LHLMeViewController.m in Sources */ = {isa = PBXBuildFile; fileRef = 84442FFE1DC0E8470037EFBA /* LHLMeViewController.m */; };
		844430021DC0E86F0037EFBA /* LHLNewViewController.m in Sources */ = {isa = PBXBuildFile; fileRef = 844430011DC0E86F0037EFBA /* LHLNewViewController.m */; };
		844430051DC0E89E0037EFBA /* LHLPublishViewController.m in Sources */ = {isa = PBXBuildFile; fileRef = 844430041DC0E89E0037EFBA /* LHLPublishViewController.m */; };
		8444300E1DC105590037EFBA /* LHLTabBarController.m in Sources */ = {isa = PBXBuildFile; fileRef = 8444300D1DC105590037EFBA /* LHLTabBarController.m */; };
		849341091DC1EEBF00E7AC8A /* LHLTabBar.m in Sources */ = {isa = PBXBuildFile; fileRef = 849341081DC1EEBF00E7AC8A /* LHLTabBar.m */; };
		849DBC801DC18B9800973FBD /* NSObject+Log.m in Sources */ = {isa = PBXBuildFile; fileRef = 849DBC7A1DC18B9800973FBD /* NSObject+Log.m */; };
		849DBC811DC18B9800973FBD /* UIColor+Hex.m in Sources */ = {isa = PBXBuildFile; fileRef = 849DBC7D1DC18B9800973FBD /* UIColor+Hex.m */; };
		849DBC821DC18B9800973FBD /* UIImage+image.m in Sources */ = {isa = PBXBuildFile; fileRef = 849DBC7F1DC18B9800973FBD /* UIImage+image.m */; };
		84FC92C31DC3027A00DF950E /* UIView+Frame.m in Sources */ = {isa = PBXBuildFile; fileRef = 84FC92C21DC3027A00DF950E /* UIView+Frame.m */; };
		84FC92C81DC33A4000DF950E /* UIBarButtonItem+item.m in Sources */ = {isa = PBXBuildFile; fileRef = 84FC92C71DC33A4000DF950E /* UIBarButtonItem+item.m */; };
		84FC92CE1DC343E400DF950E /* LHLNavigationViewController.m in Sources */ = {isa = PBXBuildFile; fileRef = 84FC92CD1DC343E400DF950E /* LHLNavigationViewController.m */; };
		84FC92D51DC34BD200DF950E /* LHLSettingViewController.m in Sources */ = {isa = PBXBuildFile; fileRef = 84FC92D41DC34BD200DF950E /* LHLSettingViewController.m */; };
/* End PBXBuildFile section */

/* Begin PBXContainerItemProxy section */
		843A08CC1DC0A6B6000DE2B7 /* PBXContainerItemProxy */ = {
			isa = PBXContainerItemProxy;
			containerPortal = 843A08AA1DC0A6B6000DE2B7 /* Project object */;
			proxyType = 1;
			remoteGlobalIDString = 843A08B11DC0A6B6000DE2B7;
			remoteInfo = BuDeJie_1;
		};
/* End PBXContainerItemProxy section */

/* Begin PBXFileReference section */
		843A08B21DC0A6B6000DE2B7 /* BuDeJie_1.app */ = {isa = PBXFileReference; explicitFileType = wrapper.application; includeInIndex = 0; path = BuDeJie_1.app; sourceTree = BUILT_PRODUCTS_DIR; };
		843A08BF1DC0A6B6000DE2B7 /* Base */ = {isa = PBXFileReference; lastKnownFileType = file.storyboard; name = Base; path = Base.lproj/Main.storyboard; sourceTree = "<group>"; };
		843A08C11DC0A6B6000DE2B7 /* Assets.xcassets */ = {isa = PBXFileReference; lastKnownFileType = folder.assetcatalog; path = Assets.xcassets; sourceTree = "<group>"; };
		843A08C61DC0A6B6000DE2B7 /* Info.plist */ = {isa = PBXFileReference; lastKnownFileType = text.plist.xml; path = Info.plist; sourceTree = "<group>"; };
		843A08CB1DC0A6B6000DE2B7 /* BuDeJie_1UITests.xctest */ = {isa = PBXFileReference; explicitFileType = wrapper.cfbundle; includeInIndex = 0; path = BuDeJie_1UITests.xctest; sourceTree = BUILT_PRODUCTS_DIR; };
		843A08CF1DC0A6B6000DE2B7 /* BuDeJie_1UITests.m */ = {isa = PBXFileReference; lastKnownFileType = sourcecode.c.objc; path = BuDeJie_1UITests.m; sourceTree = "<group>"; };
		843A08D11DC0A6B6000DE2B7 /* Info.plist */ = {isa = PBXFileReference; lastKnownFileType = text.plist.xml; path = Info.plist; sourceTree = "<group>"; };
		84442FEE1DC0E79A0037EFBA /* AppDelegate.h */ = {isa = PBXFileReference; fileEncoding = 4; lastKnownFileType = sourcecode.c.h; path = AppDelegate.h; sourceTree = "<group>"; };
		84442FEF1DC0E79A0037EFBA /* AppDelegate.m */ = {isa = PBXFileReference; fileEncoding = 4; lastKnownFileType = sourcecode.c.objc; path = AppDelegate.m; sourceTree = "<group>"; };
		84442FF01DC0E79A0037EFBA /* main.m */ = {isa = PBXFileReference; fileEncoding = 4; lastKnownFileType = sourcecode.c.objc; path = main.m; sourceTree = "<group>"; };
		84442FF71DC0E8030037EFBA /* LHLEssenceViewController.h */ = {isa = PBXFileReference; fileEncoding = 4; lastKnownFileType = sourcecode.c.h; path = LHLEssenceViewController.h; sourceTree = "<group>"; };
		84442FF81DC0E8030037EFBA /* LHLEssenceViewController.m */ = {isa = PBXFileReference; fileEncoding = 4; lastKnownFileType = sourcecode.c.objc; path = LHLEssenceViewController.m; sourceTree = "<group>"; };
		84442FFA1DC0E81C0037EFBA /* LHLFriendTrendViewController.h */ = {isa = PBXFileReference; fileEncoding = 4; lastKnownFileType = sourcecode.c.h; path = LHLFriendTrendViewController.h; sourceTree = "<group>"; };
		84442FFB1DC0E81C0037EFBA /* LHLFriendTrendViewController.m */ = {isa = PBXFileReference; fileEncoding = 4; lastKnownFileType = sourcecode.c.objc; path = LHLFriendTrendViewController.m; sourceTree = "<group>"; };
		84442FFD1DC0E8470037EFBA /* LHLMeViewController.h */ = {isa = PBXFileReference; fileEncoding = 4; lastKnownFileType = sourcecode.c.h; path = LHLMeViewController.h; sourceTree = "<group>"; };
		84442FFE1DC0E8470037EFBA /* LHLMeViewController.m */ = {isa = PBXFileReference; fileEncoding = 4; lastKnownFileType = sourcecode.c.objc; path = LHLMeViewController.m; sourceTree = "<group>"; };
		844430001DC0E86F0037EFBA /* LHLNewViewController.h */ = {isa = PBXFileReference; fileEncoding = 4; lastKnownFileType = sourcecode.c.h; path = LHLNewViewController.h; sourceTree = "<group>"; };
		844430011DC0E86F0037EFBA /* LHLNewViewController.m */ = {isa = PBXFileReference; fileEncoding = 4; lastKnownFileType = sourcecode.c.objc; path = LHLNewViewController.m; sourceTree = "<group>"; };
		844430031DC0E89E0037EFBA /* LHLPublishViewController.h */ = {isa = PBXFileReference; fileEncoding = 4; lastKnownFileType = sourcecode.c.h; path = LHLPublishViewController.h; sourceTree = "<group>"; };
		844430041DC0E89E0037EFBA /* LHLPublishViewController.m */ = {isa = PBXFileReference; fileEncoding = 4; lastKnownFileType = sourcecode.c.objc; path = LHLPublishViewController.m; sourceTree = "<group>"; };
		8444300C1DC105590037EFBA /* LHLTabBarController.h */ = {isa = PBXFileReference; fileEncoding = 4; lastKnownFileType = sourcecode.c.h; path = LHLTabBarController.h; sourceTree = "<group>"; };
		8444300D1DC105590037EFBA /* LHLTabBarController.m */ = {isa = PBXFileReference; fileEncoding = 4; lastKnownFileType = sourcecode.c.objc; path = LHLTabBarController.m; sourceTree = "<group>"; };
		849341071DC1EEBF00E7AC8A /* LHLTabBar.h */ = {isa = PBXFileReference; fileEncoding = 4; lastKnownFileType = sourcecode.c.h; path = LHLTabBar.h; sourceTree = "<group>"; };
		849341081DC1EEBF00E7AC8A /* LHLTabBar.m */ = {isa = PBXFileReference; fileEncoding = 4; lastKnownFileType = sourcecode.c.objc; path = LHLTabBar.m; sourceTree = "<group>"; };
		849DBC791DC18B9800973FBD /* NSObject+Log.h */ = {isa = PBXFileReference; fileEncoding = 4; lastKnownFileType = sourcecode.c.h; path = "NSObject+Log.h"; sourceTree = "<group>"; };
		849DBC7A1DC18B9800973FBD /* NSObject+Log.m */ = {isa = PBXFileReference; fileEncoding = 4; lastKnownFileType = sourcecode.c.objc; path = "NSObject+Log.m"; sourceTree = "<group>"; };
		849DBC7C1DC18B9800973FBD /* UIColor+Hex.h */ = {isa = PBXFileReference; fileEncoding = 4; lastKnownFileType = sourcecode.c.h; path = "UIColor+Hex.h"; sourceTree = "<group>"; };
		849DBC7D1DC18B9800973FBD /* UIColor+Hex.m */ = {isa = PBXFileReference; fileEncoding = 4; lastKnownFileType = sourcecode.c.objc; path = "UIColor+Hex.m"; sourceTree = "<group>"; };
		849DBC7E1DC18B9800973FBD /* UIImage+image.h */ = {isa = PBXFileReference; fileEncoding = 4; lastKnownFileType = sourcecode.c.h; path = "UIImage+image.h"; sourceTree = "<group>"; };
		849DBC7F1DC18B9800973FBD /* UIImage+image.m */ = {isa = PBXFileReference; fileEncoding = 4; lastKnownFileType = sourcecode.c.objc; path = "UIImage+image.m"; sourceTree = "<group>"; };
		84FC92C11DC3027A00DF950E /* UIView+Frame.h */ = {isa = PBXFileReference; fileEncoding = 4; lastKnownFileType = sourcecode.c.h; path = "UIView+Frame.h"; sourceTree = "<group>"; };
		84FC92C21DC3027A00DF950E /* UIView+Frame.m */ = {isa = PBXFileReference; fileEncoding = 4; lastKnownFileType = sourcecode.c.objc; path = "UIView+Frame.m"; sourceTree = "<group>"; };
		84FC92C51DC30A0500DF950E /* BuDeJie_1.h */ = {isa = PBXFileReference; lastKnownFileType = sourcecode.c.h; path = BuDeJie_1.h; sourceTree = "<group>"; };
		84FC92C61DC33A4000DF950E /* UIBarButtonItem+item.h */ = {isa = PBXFileReference; fileEncoding = 4; lastKnownFileType = sourcecode.c.h; path = "UIBarButtonItem+item.h"; sourceTree = "<group>"; };
		84FC92C71DC33A4000DF950E /* UIBarButtonItem+item.m */ = {isa = PBXFileReference; fileEncoding = 4; lastKnownFileType = sourcecode.c.objc; path = "UIBarButtonItem+item.m"; sourceTree = "<group>"; };
		84FC92CC1DC343E400DF950E /* LHLNavigationViewController.h */ = {isa = PBXFileReference; fileEncoding = 4; lastKnownFileType = sourcecode.c.h; path = LHLNavigationViewController.h; sourceTree = "<group>"; };
		84FC92CD1DC343E400DF950E /* LHLNavigationViewController.m */ = {isa = PBXFileReference; fileEncoding = 4; lastKnownFileType = sourcecode.c.objc; path = LHLNavigationViewController.m; sourceTree = "<group>"; };
		84FC92D31DC34BD200DF950E /* LHLSettingViewController.h */ = {isa = PBXFileReference; fileEncoding = 4; lastKnownFileType = sourcecode.c.h; path = LHLSettingViewController.h; sourceTree = "<group>"; };
		84FC92D41DC34BD200DF950E /* LHLSettingViewController.m */ = {isa = PBXFileReference; fileEncoding = 4; lastKnownFileType = sourcecode.c.objc; path = LHLSettingViewController.m; sourceTree = "<group>"; };
/* End PBXFileReference section */

/* Begin PBXFrameworksBuildPhase section */
		843A08AF1DC0A6B6000DE2B7 /* Frameworks */ = {
			isa = PBXFrameworksBuildPhase;
			buildActionMask = 2147483647;
			files = (
			);
			runOnlyForDeploymentPostprocessing = 0;
		};
		843A08C81DC0A6B6000DE2B7 /* Frameworks */ = {
			isa = PBXFrameworksBuildPhase;
			buildActionMask = 2147483647;
			files = (
			);
			runOnlyForDeploymentPostprocessing = 0;
		};
/* End PBXFrameworksBuildPhase section */

/* Begin PBXGroup section */
		843A08A91DC0A6B6000DE2B7 = {
			isa = PBXGroup;
			children = (
				843A08B41DC0A6B6000DE2B7 /* BuDeJie_1 */,
				843A08CE1DC0A6B6000DE2B7 /* BuDeJie_1UITests */,
				843A08B31DC0A6B6000DE2B7 /* Products */,
			);
			sourceTree = "<group>";
		};
		843A08B31DC0A6B6000DE2B7 /* Products */ = {
			isa = PBXGroup;
			children = (
				843A08B21DC0A6B6000DE2B7 /* BuDeJie_1.app */,
				843A08CB1DC0A6B6000DE2B7 /* BuDeJie_1UITests.xctest */,
			);
			name = Products;
			sourceTree = "<group>";
		};
		843A08B41DC0A6B6000DE2B7 /* BuDeJie_1 */ = {
			isa = PBXGroup;
			children = (
				84442FDC1DC0E79A0037EFBA /* Classes */,
				843A08BE1DC0A6B6000DE2B7 /* Main.storyboard */,
				843A08C11DC0A6B6000DE2B7 /* Assets.xcassets */,
				843A08C61DC0A6B6000DE2B7 /* Info.plist */,
				843A08B51DC0A6B6000DE2B7 /* Supporting Files */,
			);
			path = BuDeJie_1;
			sourceTree = "<group>";
		};
		843A08B51DC0A6B6000DE2B7 /* Supporting Files */ = {
			isa = PBXGroup;
			children = (
			);
			name = "Supporting Files";
			sourceTree = "<group>";
		};
		843A08CE1DC0A6B6000DE2B7 /* BuDeJie_1UITests */ = {
			isa = PBXGroup;
			children = (
				843A08CF1DC0A6B6000DE2B7 /* BuDeJie_1UITests.m */,
				843A08D11DC0A6B6000DE2B7 /* Info.plist */,
			);
			path = BuDeJie_1UITests;
			sourceTree = "<group>";
		};
		84442FDC1DC0E79A0037EFBA /* Classes */ = {
			isa = PBXGroup;
			children = (
				84FC92CF1DC34BB300DF950E /* Setting(设置) */,
				844430081DC105310037EFBA /* Main(主要) */,
				84442FDD1DC0E79A0037EFBA /* Essence(精华) */,
				84442FE11DC0E79A0037EFBA /* FriendTrend(关注) */,
				84442FE51DC0E79A0037EFBA /* Me(我) */,
				84442FE91DC0E79A0037EFBA /* New(新帖) */,
				84442FF11DC0E79A0037EFBA /* Publish(发布) */,
				84442FED1DC0E79A0037EFBA /* Other */,
			);
			path = Classes;
			sourceTree = "<group>";
		};
		84442FDD1DC0E79A0037EFBA /* Essence(精华) */ = {
			isa = PBXGroup;
			children = (
				84442FDE1DC0E79A0037EFBA /* Controller */,
				84442FDF1DC0E79A0037EFBA /* Model */,
				84442FE01DC0E79A0037EFBA /* View */,
			);
			path = "Essence(精华)";
			sourceTree = "<group>";
		};
		84442FDE1DC0E79A0037EFBA /* Controller */ = {
			isa = PBXGroup;
			children = (
				84442FF71DC0E8030037EFBA /* LHLEssenceViewController.h */,
				84442FF81DC0E8030037EFBA /* LHLEssenceViewController.m */,
			);
			path = Controller;
			sourceTree = "<group>";
		};
		84442FDF1DC0E79A0037EFBA /* Model */ = {
			isa = PBXGroup;
			children = (
			);
			path = Model;
			sourceTree = "<group>";
		};
		84442FE01DC0E79A0037EFBA /* View */ = {
			isa = PBXGroup;
			children = (
			);
			path = View;
			sourceTree = "<group>";
		};
		84442FE11DC0E79A0037EFBA /* FriendTrend(关注) */ = {
			isa = PBXGroup;
			children = (
				84442FE21DC0E79A0037EFBA /* Controller */,
				84442FE31DC0E79A0037EFBA /* Model */,
				84442FE41DC0E79A0037EFBA /* View */,
			);
			path = "FriendTrend(关注)";
			sourceTree = "<group>";
		};
		84442FE21DC0E79A0037EFBA /* Controller */ = {
			isa = PBXGroup;
			children = (
				84442FFA1DC0E81C0037EFBA /* LHLFriendTrendViewController.h */,
				84442FFB1DC0E81C0037EFBA /* LHLFriendTrendViewController.m */,
			);
			path = Controller;
			sourceTree = "<group>";
		};
		84442FE31DC0E79A0037EFBA /* Model */ = {
			isa = PBXGroup;
			children = (
			);
			path = Model;
			sourceTree = "<group>";
		};
		84442FE41DC0E79A0037EFBA /* View */ = {
			isa = PBXGroup;
			children = (
			);
			path = View;
			sourceTree = "<group>";
		};
		84442FE51DC0E79A0037EFBA /* Me(我) */ = {
			isa = PBXGroup;
			children = (
				84442FE61DC0E79A0037EFBA /* Controller */,
				84442FE71DC0E79A0037EFBA /* Model */,
				84442FE81DC0E79A0037EFBA /* View */,
			);
			path = "Me(我)";
			sourceTree = "<group>";
		};
		84442FE61DC0E79A0037EFBA /* Controller */ = {
			isa = PBXGroup;
			children = (
				84442FFD1DC0E8470037EFBA /* LHLMeViewController.h */,
				84442FFE1DC0E8470037EFBA /* LHLMeViewController.m */,
			);
			path = Controller;
			sourceTree = "<group>";
		};
		84442FE71DC0E79A0037EFBA /* Model */ = {
			isa = PBXGroup;
			children = (
			);
			path = Model;
			sourceTree = "<group>";
		};
		84442FE81DC0E79A0037EFBA /* View */ = {
			isa = PBXGroup;
			children = (
			);
			path = View;
			sourceTree = "<group>";
		};
		84442FE91DC0E79A0037EFBA /* New(新帖) */ = {
			isa = PBXGroup;
			children = (
				84442FEA1DC0E79A0037EFBA /* Controller */,
				84442FEB1DC0E79A0037EFBA /* Model */,
				84442FEC1DC0E79A0037EFBA /* View */,
			);
			path = "New(新帖)";
			sourceTree = "<group>";
		};
		84442FEA1DC0E79A0037EFBA /* Controller */ = {
			isa = PBXGroup;
			children = (
				844430001DC0E86F0037EFBA /* LHLNewViewController.h */,
				844430011DC0E86F0037EFBA /* LHLNewViewController.m */,
			);
			path = Controller;
			sourceTree = "<group>";
		};
		84442FEB1DC0E79A0037EFBA /* Model */ = {
			isa = PBXGroup;
			children = (
			);
			path = Model;
			sourceTree = "<group>";
		};
		84442FEC1DC0E79A0037EFBA /* View */ = {
			isa = PBXGroup;
			children = (
			);
			path = View;
			sourceTree = "<group>";
		};
		84442FED1DC0E79A0037EFBA /* Other */ = {
			isa = PBXGroup;
			children = (
				849DBC831DC18BBC00973FBD /* Tools */,
				849DBC781DC18B9800973FBD /* Category */,
				84442FEE1DC0E79A0037EFBA /* AppDelegate.h */,
				84442FEF1DC0E79A0037EFBA /* AppDelegate.m */,
				84442FF01DC0E79A0037EFBA /* main.m */,
				84FC92C51DC30A0500DF950E /* BuDeJie_1.h */,
			);
			path = Other;
			sourceTree = "<group>";
		};
		84442FF11DC0E79A0037EFBA /* Publish(发布) */ = {
			isa = PBXGroup;
			children = (
				84442FF21DC0E79A0037EFBA /* Controller */,
				84442FF31DC0E79A0037EFBA /* Model */,
				84442FF41DC0E79A0037EFBA /* View */,
			);
			path = "Publish(发布)";
			sourceTree = "<group>";
		};
		84442FF21DC0E79A0037EFBA /* Controller */ = {
			isa = PBXGroup;
			children = (
				844430031DC0E89E0037EFBA /* LHLPublishViewController.h */,
				844430041DC0E89E0037EFBA /* LHLPublishViewController.m */,
			);
			path = Controller;
			sourceTree = "<group>";
		};
		84442FF31DC0E79A0037EFBA /* Model */ = {
			isa = PBXGroup;
			children = (
			);
			path = Model;
			sourceTree = "<group>";
		};
		84442FF41DC0E79A0037EFBA /* View */ = {
			isa = PBXGroup;
			children = (
			);
			path = View;
			sourceTree = "<group>";
		};
		844430081DC105310037EFBA /* Main(主要) */ = {
			isa = PBXGroup;
			children = (
				844430091DC105310037EFBA /* Controller */,
				8444300A1DC105310037EFBA /* Model */,
				8444300B1DC105310037EFBA /* View */,
			);
			path = "Main(主要)";
			sourceTree = "<group>";
		};
		844430091DC105310037EFBA /* Controller */ = {
			isa = PBXGroup;
			children = (
				8444300C1DC105590037EFBA /* LHLTabBarController.h */,
				8444300D1DC105590037EFBA /* LHLTabBarController.m */,
				84FC92CC1DC343E400DF950E /* LHLNavigationViewController.h */,
				84FC92CD1DC343E400DF950E /* LHLNavigationViewController.m */,
			);
			path = Controller;
			sourceTree = "<group>";
		};
		8444300A1DC105310037EFBA /* Model */ = {
			isa = PBXGroup;
			children = (
			);
			path = Model;
			sourceTree = "<group>";
		};
		8444300B1DC105310037EFBA /* View */ = {
			isa = PBXGroup;
			children = (
				849341071DC1EEBF00E7AC8A /* LHLTabBar.h */,
				849341081DC1EEBF00E7AC8A /* LHLTabBar.m */,
			);
			path = View;
			sourceTree = "<group>";
		};
		849DBC781DC18B9800973FBD /* Category */ = {
			isa = PBXGroup;
			children = (
				849DBC791DC18B9800973FBD /* NSObject+Log.h */,
				849DBC7A1DC18B9800973FBD /* NSObject+Log.m */,
				849DBC7C1DC18B9800973FBD /* UIColor+Hex.h */,
				849DBC7D1DC18B9800973FBD /* UIColor+Hex.m */,
				849DBC7E1DC18B9800973FBD /* UIImage+image.h */,
				849DBC7F1DC18B9800973FBD /* UIImage+image.m */,
				84FC92C11DC3027A00DF950E /* UIView+Frame.h */,
				84FC92C21DC3027A00DF950E /* UIView+Frame.m */,
				84FC92C61DC33A4000DF950E /* UIBarButtonItem+item.h */,
				84FC92C71DC33A4000DF950E /* UIBarButtonItem+item.m */,
			);
			path = Category;
			sourceTree = "<group>";
		};
		849DBC831DC18BBC00973FBD /* Tools */ = {
			isa = PBXGroup;
			children = (
			);
			path = Tools;
			sourceTree = "<group>";
		};
		84FC92CF1DC34BB300DF950E /* Setting(设置) */ = {
			isa = PBXGroup;
			children = (
				84FC92D01DC34BB300DF950E /* Controller */,
				84FC92D11DC34BB300DF950E /* Model */,
				84FC92D21DC34BB300DF950E /* View */,
			);
			path = "Setting(设置)";
			sourceTree = "<group>";
		};
		84FC92D01DC34BB300DF950E /* Controller */ = {
			isa = PBXGroup;
			children = (
				84FC92D31DC34BD200DF950E /* LHLSettingViewController.h */,
				84FC92D41DC34BD200DF950E /* LHLSettingViewController.m */,
			);
			path = Controller;
			sourceTree = "<group>";
		};
		84FC92D11DC34BB300DF950E /* Model */ = {
			isa = PBXGroup;
			children = (
			);
			path = Model;
			sourceTree = "<group>";
		};
		84FC92D21DC34BB300DF950E /* View */ = {
			isa = PBXGroup;
			children = (
			);
			path = View;
			sourceTree = "<group>";
		};
/* End PBXGroup section */

/* Begin PBXNativeTarget section */
		843A08B11DC0A6B6000DE2B7 /* BuDeJie_1 */ = {
			isa = PBXNativeTarget;
			buildConfigurationList = 843A08D41DC0A6B6000DE2B7 /* Build configuration list for PBXNativeTarget "BuDeJie_1" */;
			buildPhases = (
				843A08AE1DC0A6B6000DE2B7 /* Sources */,
				843A08AF1DC0A6B6000DE2B7 /* Frameworks */,
				843A08B01DC0A6B6000DE2B7 /* Resources */,
			);
			buildRules = (
			);
			dependencies = (
			);
			name = BuDeJie_1;
			productName = BuDeJie_1;
			productReference = 843A08B21DC0A6B6000DE2B7 /* BuDeJie_1.app */;
			productType = "com.apple.product-type.application";
		};
		843A08CA1DC0A6B6000DE2B7 /* BuDeJie_1UITests */ = {
			isa = PBXNativeTarget;
			buildConfigurationList = 843A08D71DC0A6B6000DE2B7 /* Build configuration list for PBXNativeTarget "BuDeJie_1UITests" */;
			buildPhases = (
				843A08C71DC0A6B6000DE2B7 /* Sources */,
				843A08C81DC0A6B6000DE2B7 /* Frameworks */,
				843A08C91DC0A6B6000DE2B7 /* Resources */,
			);
			buildRules = (
			);
			dependencies = (
				843A08CD1DC0A6B6000DE2B7 /* PBXTargetDependency */,
			);
			name = BuDeJie_1UITests;
			productName = BuDeJie_1UITests;
			productReference = 843A08CB1DC0A6B6000DE2B7 /* BuDeJie_1UITests.xctest */;
			productType = "com.apple.product-type.bundle.ui-testing";
		};
/* End PBXNativeTarget section */

/* Begin PBXProject section */
		843A08AA1DC0A6B6000DE2B7 /* Project object */ = {
			isa = PBXProject;
			attributes = {
				CLASSPREFIX = LHL;
				LastUpgradeCheck = 0720;
				ORGANIZATIONNAME = "冷洪林";
				TargetAttributes = {
					843A08B11DC0A6B6000DE2B7 = {
						CreatedOnToolsVersion = 7.2.1;
						DevelopmentTeam = YR85WJLP3Z;
					};
					843A08CA1DC0A6B6000DE2B7 = {
						CreatedOnToolsVersion = 7.2.1;
						DevelopmentTeam = YR85WJLP3Z;
						TestTargetID = 843A08B11DC0A6B6000DE2B7;
					};
				};
			};
			buildConfigurationList = 843A08AD1DC0A6B6000DE2B7 /* Build configuration list for PBXProject "BuDeJie_1" */;
			compatibilityVersion = "Xcode 3.2";
			developmentRegion = English;
			hasScannedForEncodings = 0;
			knownRegions = (
				en,
				Base,
			);
			mainGroup = 843A08A91DC0A6B6000DE2B7;
			productRefGroup = 843A08B31DC0A6B6000DE2B7 /* Products */;
			projectDirPath = "";
			projectRoot = "";
			targets = (
				843A08B11DC0A6B6000DE2B7 /* BuDeJie_1 */,
				843A08CA1DC0A6B6000DE2B7 /* BuDeJie_1UITests */,
			);
		};
/* End PBXProject section */

/* Begin PBXResourcesBuildPhase section */
		843A08B01DC0A6B6000DE2B7 /* Resources */ = {
			isa = PBXResourcesBuildPhase;
			buildActionMask = 2147483647;
			files = (
				843A08C21DC0A6B6000DE2B7 /* Assets.xcassets in Resources */,
				843A08C01DC0A6B6000DE2B7 /* Main.storyboard in Resources */,
			);
			runOnlyForDeploymentPostprocessing = 0;
		};
		843A08C91DC0A6B6000DE2B7 /* Resources */ = {
			isa = PBXResourcesBuildPhase;
			buildActionMask = 2147483647;
			files = (
			);
			runOnlyForDeploymentPostprocessing = 0;
		};
/* End PBXResourcesBuildPhase section */

/* Begin PBXSourcesBuildPhase section */
		843A08AE1DC0A6B6000DE2B7 /* Sources */ = {
			isa = PBXSourcesBuildPhase;
			buildActionMask = 2147483647;
			files = (
				844430051DC0E89E0037EFBA /* LHLPublishViewController.m in Sources */,
				849DBC811DC18B9800973FBD /* UIColor+Hex.m in Sources */,
				8444300E1DC105590037EFBA /* LHLTabBarController.m in Sources */,
				844430021DC0E86F0037EFBA /* LHLNewViewController.m in Sources */,
				84442FFF1DC0E8470037EFBA /* LHLMeViewController.m in Sources */,
				84FC92C31DC3027A00DF950E /* UIView+Frame.m in Sources */,
				84442FFC1DC0E81C0037EFBA /* LHLFriendTrendViewController.m in Sources */,
				849341091DC1EEBF00E7AC8A /* LHLTabBar.m in Sources */,
				84FC92CE1DC343E400DF950E /* LHLNavigationViewController.m in Sources */,
				849DBC821DC18B9800973FBD /* UIImage+image.m in Sources */,
				849DBC801DC18B9800973FBD /* NSObject+Log.m in Sources */,
				84442FF61DC0E79A0037EFBA /* main.m in Sources */,
				84FC92C81DC33A4000DF950E /* UIBarButtonItem+item.m in Sources */,
				84442FF91DC0E8030037EFBA /* LHLEssenceViewController.m in Sources */,
				84442FF51DC0E79A0037EFBA /* AppDelegate.m in Sources */,
				84FC92D51DC34BD200DF950E /* LHLSettingViewController.m in Sources */,
			);
			runOnlyForDeploymentPostprocessing = 0;
		};
		843A08C71DC0A6B6000DE2B7 /* Sources */ = {
			isa = PBXSourcesBuildPhase;
			buildActionMask = 2147483647;
			files = (
				843A08D01DC0A6B6000DE2B7 /* BuDeJie_1UITests.m in Sources */,
			);
			runOnlyForDeploymentPostprocessing = 0;
		};
/* End PBXSourcesBuildPhase section */

/* Begin PBXTargetDependency section */
		843A08CD1DC0A6B6000DE2B7 /* PBXTargetDependency */ = {
			isa = PBXTargetDependency;
			target = 843A08B11DC0A6B6000DE2B7 /* BuDeJie_1 */;
			targetProxy = 843A08CC1DC0A6B6000DE2B7 /* PBXContainerItemProxy */;
		};
/* End PBXTargetDependency section */

/* Begin PBXVariantGroup section */
		843A08BE1DC0A6B6000DE2B7 /* Main.storyboard */ = {
			isa = PBXVariantGroup;
			children = (
				843A08BF1DC0A6B6000DE2B7 /* Base */,
			);
			name = Main.storyboard;
			sourceTree = "<group>";
		};
/* End PBXVariantGroup section */

/* Begin XCBuildConfiguration section */
		843A08D21DC0A6B6000DE2B7 /* Debug */ = {
			isa = XCBuildConfiguration;
			buildSettings = {
				ALWAYS_SEARCH_USER_PATHS = NO;
				CLANG_CXX_LANGUAGE_STANDARD = "gnu++0x";
				CLANG_CXX_LIBRARY = "libc++";
				CLANG_ENABLE_MODULES = YES;
				CLANG_ENABLE_OBJC_ARC = YES;
				CLANG_WARN_BOOL_CONVERSION = YES;
				CLANG_WARN_CONSTANT_CONVERSION = YES;
				CLANG_WARN_DIRECT_OBJC_ISA_USAGE = YES_ERROR;
				CLANG_WARN_EMPTY_BODY = YES;
				CLANG_WARN_ENUM_CONVERSION = YES;
				CLANG_WARN_INT_CONVERSION = YES;
				CLANG_WARN_OBJC_ROOT_CLASS = YES_ERROR;
				CLANG_WARN_UNREACHABLE_CODE = YES;
				CLANG_WARN__DUPLICATE_METHOD_MATCH = YES;
				"CODE_SIGN_IDENTITY[sdk=iphoneos*]" = "iPhone Developer";
				COPY_PHASE_STRIP = NO;
				DEBUG_INFORMATION_FORMAT = dwarf;
				ENABLE_STRICT_OBJC_MSGSEND = YES;
				ENABLE_TESTABILITY = YES;
				GCC_C_LANGUAGE_STANDARD = gnu99;
				GCC_DYNAMIC_NO_PIC = NO;
				GCC_NO_COMMON_BLOCKS = YES;
				GCC_OPTIMIZATION_LEVEL = 0;
				GCC_PREPROCESSOR_DEFINITIONS = (
					"DEBUG=1",
					"$(inherited)",
				);
				GCC_WARN_64_TO_32_BIT_CONVERSION = YES;
				GCC_WARN_ABOUT_RETURN_TYPE = YES_ERROR;
				GCC_WARN_UNDECLARED_SELECTOR = YES;
				GCC_WARN_UNINITIALIZED_AUTOS = YES_AGGRESSIVE;
				GCC_WARN_UNUSED_FUNCTION = YES;
				GCC_WARN_UNUSED_VARIABLE = YES;
				IPHONEOS_DEPLOYMENT_TARGET = 9.2;
				MTL_ENABLE_DEBUG_INFO = YES;
				ONLY_ACTIVE_ARCH = YES;
				SDKROOT = iphoneos;
			};
			name = Debug;
		};
		843A08D31DC0A6B6000DE2B7 /* Release */ = {
			isa = XCBuildConfiguration;
			buildSettings = {
				ALWAYS_SEARCH_USER_PATHS = NO;
				CLANG_CXX_LANGUAGE_STANDARD = "gnu++0x";
				CLANG_CXX_LIBRARY = "libc++";
				CLANG_ENABLE_MODULES = YES;
				CLANG_ENABLE_OBJC_ARC = YES;
				CLANG_WARN_BOOL_CONVERSION = YES;
				CLANG_WARN_CONSTANT_CONVERSION = YES;
				CLANG_WARN_DIRECT_OBJC_ISA_USAGE = YES_ERROR;
				CLANG_WARN_EMPTY_BODY = YES;
				CLANG_WARN_ENUM_CONVERSION = YES;
				CLANG_WARN_INT_CONVERSION = YES;
				CLANG_WARN_OBJC_ROOT_CLASS = YES_ERROR;
				CLANG_WARN_UNREACHABLE_CODE = YES;
				CLANG_WARN__DUPLICATE_METHOD_MATCH = YES;
				"CODE_SIGN_IDENTITY[sdk=iphoneos*]" = "iPhone Developer";
				COPY_PHASE_STRIP = NO;
				DEBUG_INFORMATION_FORMAT = "dwarf-with-dsym";
				ENABLE_NS_ASSERTIONS = NO;
				ENABLE_STRICT_OBJC_MSGSEND = YES;
				GCC_C_LANGUAGE_STANDARD = gnu99;
				GCC_NO_COMMON_BLOCKS = YES;
				GCC_WARN_64_TO_32_BIT_CONVERSION = YES;
				GCC_WARN_ABOUT_RETURN_TYPE = YES_ERROR;
				GCC_WARN_UNDECLARED_SELECTOR = YES;
				GCC_WARN_UNINITIALIZED_AUTOS = YES_AGGRESSIVE;
				GCC_WARN_UNUSED_FUNCTION = YES;
				GCC_WARN_UNUSED_VARIABLE = YES;
				IPHONEOS_DEPLOYMENT_TARGET = 9.2;
				MTL_ENABLE_DEBUG_INFO = NO;
				SDKROOT = iphoneos;
				VALIDATE_PRODUCT = YES;
			};
			name = Release;
		};
		843A08D51DC0A6B6000DE2B7 /* Debug */ = {
			isa = XCBuildConfiguration;
			buildSettings = {
				ASSETCATALOG_COMPILER_APPICON_NAME = AppIcon;
				ASSETCATALOG_COMPILER_LAUNCHIMAGE_NAME = "Brand Assets";
				GCC_PREFIX_HEADER = BuDeJie_1/Classes/Other/BuDeJie_1.h;
				INFOPLIST_FILE = BuDeJie_1/Info.plist;
				IPHONEOS_DEPLOYMENT_TARGET = 8.0;
				LD_RUNPATH_SEARCH_PATHS = "$(inherited) @executable_path/Frameworks";
				PRODUCT_BUNDLE_IDENTIFIER = "com.budejie.lenglengIos.BuDeJie-1";
				PRODUCT_NAME = "$(TARGET_NAME)";
			};
			name = Debug;
		};
		843A08D61DC0A6B6000DE2B7 /* Release */ = {
			isa = XCBuildConfiguration;
			buildSettings = {
				ASSETCATALOG_COMPILER_APPICON_NAME = AppIcon;
				ASSETCATALOG_COMPILER_LAUNCHIMAGE_NAME = "Brand Assets";
				GCC_PREFIX_HEADER = BuDeJie_1/Classes/Other/BuDeJie_1.h;
				INFOPLIST_FILE = BuDeJie_1/Info.plist;
				IPHONEOS_DEPLOYMENT_TARGET = 8.0;
				LD_RUNPATH_SEARCH_PATHS = "$(inherited) @executable_path/Frameworks";
				PRODUCT_BUNDLE_IDENTIFIER = "com.budejie.lenglengIos.BuDeJie-1";
				PRODUCT_NAME = "$(TARGET_NAME)";
			};
			name = Release;
		};
		843A08D81DC0A6B6000DE2B7 /* Debug */ = {
			isa = XCBuildConfiguration;
			buildSettings = {
				INFOPLIST_FILE = BuDeJie_1UITests/Info.plist;
				LD_RUNPATH_SEARCH_PATHS = "$(inherited) @executable_path/Frameworks @loader_path/Frameworks";
				PRODUCT_BUNDLE_IDENTIFIER = "com.budejie.lenglengIos.BuDeJie-1UITests";
				PRODUCT_NAME = "$(TARGET_NAME)";
				TEST_TARGET_NAME = BuDeJie_1;
				USES_XCTRUNNER = YES;
			};
			name = Debug;
		};
		843A08D91DC0A6B6000DE2B7 /* Release */ = {
			isa = XCBuildConfiguration;
			buildSettings = {
				INFOPLIST_FILE = BuDeJie_1UITests/Info.plist;
				LD_RUNPATH_SEARCH_PATHS = "$(inherited) @executable_path/Frameworks @loader_path/Frameworks";
				PRODUCT_BUNDLE_IDENTIFIER = "com.budejie.lenglengIos.BuDeJie-1UITests";
				PRODUCT_NAME = "$(TARGET_NAME)";
				TEST_TARGET_NAME = BuDeJie_1;
				USES_XCTRUNNER = YES;
			};
			name = Release;
		};
/* End XCBuildConfiguration section */

/* Begin XCConfigurationList section */
		843A08AD1DC0A6B6000DE2B7 /* Build configuration list for PBXProject "BuDeJie_1" */ = {
			isa = XCConfigurationList;
			buildConfigurations = (
				843A08D21DC0A6B6000DE2B7 /* Debug */,
				843A08D31DC0A6B6000DE2B7 /* Release */,
			);
			defaultConfigurationIsVisible = 0;
			defaultConfigurationName = Release;
		};
		843A08D41DC0A6B6000DE2B7 /* Build configuration list for PBXNativeTarget "BuDeJie_1" */ = {
			isa = XCConfigurationList;
			buildConfigurations = (
				843A08D51DC0A6B6000DE2B7 /* Debug */,
				843A08D61DC0A6B6000DE2B7 /* Release */,
			);
			defaultConfigurationIsVisible = 0;
			defaultConfigurationName = Release;
		};
		843A08D71DC0A6B6000DE2B7 /* Build configuration list for PBXNativeTarget "BuDeJie_1UITests" */ = {
			isa = XCConfigurationList;
			buildConfigurations = (
				843A08D81DC0A6B6000DE2B7 /* Debug */,
				843A08D91DC0A6B6000DE2B7 /* Release */,
			);
			defaultConfigurationIsVisible = 0;
			defaultConfigurationName = Release;
		};
/* End XCConfigurationList section */
	};
	rootObject = 843A08AA1DC0A6B6000DE2B7 /* Project object */;
}
